
Microsoft Visual Studio Solution File, Format Version 12.00
# Visual Studio Version 17
VisualStudioVersion = 17.2.32505.173
MinimumVisualStudioVersion = 10.0.40219.1
Project("{9A19103F-16F7-4668-BE54-9A1E7A4F7556}") = "TranscriberAPI", "src\TranscriberAPI.csproj", "{320E9C6D-EE62-44BE-A20C-CE097693BC6F}"
EndProject
Project("{2150E333-8FDC-42A3-9474-1A3956D46DE8}") = "test", "test", "{0C88DD14-F956-CE84-757C-A364CCF449FC}"
EndProject
Project("{2150E333-8FDC-42A3-9474-1A3956D46DE8}") = "TranscriberAPITest", "TranscriberAPITest", "{1ADD675D-7044-7A33-C2EC-9325E7372B4A}"
EndProject
Project("{9A19103F-16F7-4668-BE54-9A1E7A4F7556}") = "TranscriberAPI.Tests", "test\TranscriberAPITest\TranscriberAPI.Tests.csproj", "{0B907124-7B29-4E35-BB16-900150619F52}"
EndProject
Project("{2150E333-8FDC-42A3-9474-1A3956D46DE8}") = "src", "src", "{827E0CD3-B72D-47B6-A68D-7590B98EB39B}"
EndProject
Global
	GlobalSection(SolutionConfigurationPlatforms) = preSolution
		Debug|Any CPU = Debug|Any CPU
		Debug|x64 = Debug|x64
		Debug|x86 = Debug|x86
		Release|Any CPU = Release|Any CPU
		Release|x64 = Release|x64
		Release|x86 = Release|x86
	EndGlobalSection
	GlobalSection(ProjectConfigurationPlatforms) = postSolution
		{320E9C6D-EE62-44BE-A20C-CE097693BC6F}.Debug|Any CPU.ActiveCfg = Debug|Any CPU
		{320E9C6D-EE62-44BE-A20C-CE097693BC6F}.Debug|Any CPU.Build.0 = Debug|Any CPU
		{320E9C6D-EE62-44BE-A20C-CE097693BC6F}.Debug|x64.ActiveCfg = Debug|Any CPU
		{320E9C6D-EE62-44BE-A20C-CE097693BC6F}.Debug|x64.Build.0 = Debug|Any CPU
		{320E9C6D-EE62-44BE-A20C-CE097693BC6F}.Debug|x86.ActiveCfg = Debug|Any CPU
		{320E9C6D-EE62-44BE-A20C-CE097693BC6F}.Debug|x86.Build.0 = Debug|Any CPU
		{320E9C6D-EE62-44BE-A20C-CE097693BC6F}.Release|Any CPU.ActiveCfg = Release|Any CPU
		{320E9C6D-EE62-44BE-A20C-CE097693BC6F}.Release|Any CPU.Build.0 = Release|Any CPU
		{320E9C6D-EE62-44BE-A20C-CE097693BC6F}.Release|x64.ActiveCfg = Release|Any CPU
		{320E9C6D-EE62-44BE-A20C-CE097693BC6F}.Release|x64.Build.0 = Release|Any CPU
		{320E9C6D-EE62-44BE-A20C-CE097693BC6F}.Release|x86.ActiveCfg = Release|Any CPU
		{320E9C6D-EE62-44BE-A20C-CE097693BC6F}.Release|x86.Build.0 = Release|Any CPU
		{0B907124-7B29-4E35-BB16-900150619F52}.Debug|Any CPU.ActiveCfg = Debug|Any CPU
		{0B907124-7B29-4E35-BB16-900150619F52}.Debug|Any CPU.Build.0 = Debug|Any CPU
		{0B907124-7B29-4E35-BB16-900150619F52}.Debug|x64.ActiveCfg = Debug|Any CPU
		{0B907124-7B29-4E35-BB16-900150619F52}.Debug|x64.Build.0 = Debug|Any CPU
		{0B907124-7B29-4E35-BB16-900150619F52}.Debug|x86.ActiveCfg = Debug|Any CPU
		{0B907124-7B29-4E35-BB16-900150619F52}.Debug|x86.Build.0 = Debug|Any CPU
		{0B907124-7B29-4E35-BB16-900150619F52}.Release|Any CPU.ActiveCfg = Release|Any CPU
		{0B907124-7B29-4E35-BB16-900150619F52}.Release|Any CPU.Build.0 = Release|Any CPU
		{0B907124-7B29-4E35-BB16-900150619F52}.Release|x64.ActiveCfg = Release|Any CPU
		{0B907124-7B29-4E35-BB16-900150619F52}.Release|x64.Build.0 = Release|Any CPU
		{0B907124-7B29-4E35-BB16-900150619F52}.Release|x86.ActiveCfg = Release|Any CPU
		{0B907124-7B29-4E35-BB16-900150619F52}.Release|x86.Build.0 = Release|Any CPU
	EndGlobalSection
	GlobalSection(SolutionProperties) = preSolution
		HideSolutionNode = FALSE
	EndGlobalSection
	GlobalSection(NestedProjects) = preSolution
		{1ADD675D-7044-7A33-C2EC-9325E7372B4A} = {0C88DD14-F956-CE84-757C-A364CCF449FC}
		{0B907124-7B29-4E35-BB16-900150619F52} = {1ADD675D-7044-7A33-C2EC-9325E7372B4A}
	EndGlobalSection
	GlobalSection(ExtensibilityGlobals) = postSolution
		SolutionGuid = {D6B7964F-22A5-4BAD-AB80-07F8075A8DEE}
	EndGlobalSection
EndGlobal

